// !$*UTF8*$!
{
	archiveVersion = 1;
	classes = {
	};
	objectVersion = 50;
	objects = {

/* Begin PBXBuildFile section */
		8C225A6823B3D4690091D43C /* AppDelegate.swift in Sources */ = {isa = PBXBuildFile; fileRef = 8C225A6723B3D4690091D43C /* AppDelegate.swift */; };
		8C225A6A23B3D4690091D43C /* ContentView.swift in Sources */ = {isa = PBXBuildFile; fileRef = 8C225A6923B3D4690091D43C /* ContentView.swift */; };
		8C225A6C23B3D46B0091D43C /* Assets.xcassets in Resources */ = {isa = PBXBuildFile; fileRef = 8C225A6B23B3D46B0091D43C /* Assets.xcassets */; };
		8C225A6F23B3D46B0091D43C /* Preview Assets.xcassets in Resources */ = {isa = PBXBuildFile; fileRef = 8C225A6E23B3D46B0091D43C /* Preview Assets.xcassets */; };
		8C225A7223B3D46B0091D43C /* Main.storyboard in Resources */ = {isa = PBXBuildFile; fileRef = 8C225A7023B3D46B0091D43C /* Main.storyboard */; };
		8C9B6B7D23B3D8F900280078 /* Quartz.framework in Frameworks */ = {isa = PBXBuildFile; fileRef = 8C9B6B7C23B3D8F900280078 /* Quartz.framework */; };
		8C9B6B8023B3D8F900280078 /* PreviewViewController.swift in Sources */ = {isa = PBXBuildFile; fileRef = 8C9B6B7F23B3D8F900280078 /* PreviewViewController.swift */; };
		8C9B6B8323B3D8F900280078 /* PreviewViewController.xib in Resources */ = {isa = PBXBuildFile; fileRef = 8C9B6B8123B3D8F900280078 /* PreviewViewController.xib */; };
		8C9B6B8823B3D8F900280078 /* QLSyntaxPlugin.appex in Embed App Extensions */ = {isa = PBXBuildFile; fileRef = 8C9B6B7A23B3D8F900280078 /* QLSyntaxPlugin.appex */; settings = {ATTRIBUTES = (RemoveHeadersOnCopy, ); }; };
		8C9B6B8E23B3D91200280078 /* WebKit.framework in Frameworks */ = {isa = PBXBuildFile; fileRef = 8C9B6B8D23B3D91200280078 /* WebKit.framework */; };
/* End PBXBuildFile section */

/* Begin PBXContainerItemProxy section */
		8C9B6B8623B3D8F900280078 /* PBXContainerItemProxy */ = {
			isa = PBXContainerItemProxy;
			containerPortal = 8C225A5C23B3D4690091D43C /* Project object */;
			proxyType = 1;
			remoteGlobalIDString = 8C9B6B7923B3D8F900280078;
			remoteInfo = QLSyntaxPlugin;
		};
/* End PBXContainerItemProxy section */

/* Begin PBXCopyFilesBuildPhase section */
		8C9B6B8923B3D8F900280078 /* Embed App Extensions */ = {
			isa = PBXCopyFilesBuildPhase;
			buildActionMask = 2147483647;
			dstPath = "";
			dstSubfolderSpec = 13;
			files = (
				8C9B6B8823B3D8F900280078 /* QLSyntaxPlugin.appex in Embed App Extensions */,
			);
			name = "Embed App Extensions";
			runOnlyForDeploymentPostprocessing = 0;
		};
/* End PBXCopyFilesBuildPhase section */

/* Begin PBXFileReference section */
		8C225A6423B3D4690091D43C /* QLSyntaxApp.app */ = {isa = PBXFileReference; explicitFileType = wrapper.application; includeInIndex = 0; path = QLSyntaxApp.app; sourceTree = BUILT_PRODUCTS_DIR; };
		8C225A6723B3D4690091D43C /* AppDelegate.swift */ = {isa = PBXFileReference; lastKnownFileType = sourcecode.swift; path = AppDelegate.swift; sourceTree = "<group>"; };
		8C225A6923B3D4690091D43C /* ContentView.swift */ = {isa = PBXFileReference; lastKnownFileType = sourcecode.swift; path = ContentView.swift; sourceTree = "<group>"; };
		8C225A6B23B3D46B0091D43C /* Assets.xcassets */ = {isa = PBXFileReference; lastKnownFileType = folder.assetcatalog; path = Assets.xcassets; sourceTree = "<group>"; };
		8C225A6E23B3D46B0091D43C /* Preview Assets.xcassets */ = {isa = PBXFileReference; lastKnownFileType = folder.assetcatalog; path = "Preview Assets.xcassets"; sourceTree = "<group>"; };
		8C225A7123B3D46B0091D43C /* Base */ = {isa = PBXFileReference; lastKnownFileType = file.storyboard; name = Base; path = Base.lproj/Main.storyboard; sourceTree = "<group>"; };
		8C225A7323B3D46B0091D43C /* Info.plist */ = {isa = PBXFileReference; lastKnownFileType = text.plist.xml; path = Info.plist; sourceTree = "<group>"; };
		8C225A7423B3D46B0091D43C /* QLSyntaxApp.entitlements */ = {isa = PBXFileReference; lastKnownFileType = text.plist.entitlements; path = QLSyntaxApp.entitlements; sourceTree = "<group>"; };
		8C9B6B7A23B3D8F900280078 /* QLSyntaxPlugin.appex */ = {isa = PBXFileReference; explicitFileType = "wrapper.app-extension"; includeInIndex = 0; path = QLSyntaxPlugin.appex; sourceTree = BUILT_PRODUCTS_DIR; };
		8C9B6B7C23B3D8F900280078 /* Quartz.framework */ = {isa = PBXFileReference; lastKnownFileType = wrapper.framework; name = Quartz.framework; path = System/Library/Frameworks/Quartz.framework; sourceTree = SDKROOT; };
		8C9B6B7F23B3D8F900280078 /* PreviewViewController.swift */ = {isa = PBXFileReference; lastKnownFileType = sourcecode.swift; path = PreviewViewController.swift; sourceTree = "<group>"; };
		8C9B6B8223B3D8F900280078 /* Base */ = {isa = PBXFileReference; lastKnownFileType = file.xib; name = Base; path = Base.lproj/PreviewViewController.xib; sourceTree = "<group>"; };
		8C9B6B8423B3D8F900280078 /* Info.plist */ = {isa = PBXFileReference; lastKnownFileType = text.plist.xml; path = Info.plist; sourceTree = "<group>"; };
		8C9B6B8523B3D8F900280078 /* QLSyntaxPlugin.entitlements */ = {isa = PBXFileReference; lastKnownFileType = text.plist.entitlements; path = QLSyntaxPlugin.entitlements; sourceTree = "<group>"; };
		8C9B6B8D23B3D91200280078 /* WebKit.framework */ = {isa = PBXFileReference; lastKnownFileType = wrapper.framework; name = WebKit.framework; path = System/Library/Frameworks/WebKit.framework; sourceTree = SDKROOT; };
/* End PBXFileReference section */

/* Begin PBXFrameworksBuildPhase section */
		8C225A6123B3D4690091D43C /* Frameworks */ = {
			isa = PBXFrameworksBuildPhase;
			buildActionMask = 2147483647;
			files = (
			);
			runOnlyForDeploymentPostprocessing = 0;
		};
		8C9B6B7723B3D8F900280078 /* Frameworks */ = {
			isa = PBXFrameworksBuildPhase;
			buildActionMask = 2147483647;
			files = (
				8C9B6B8E23B3D91200280078 /* WebKit.framework in Frameworks */,
				8C9B6B7D23B3D8F900280078 /* Quartz.framework in Frameworks */,
			);
			runOnlyForDeploymentPostprocessing = 0;
		};
/* End PBXFrameworksBuildPhase section */

/* Begin PBXGroup section */
		8C225A5B23B3D4690091D43C = {
			isa = PBXGroup;
			children = (
				8C225A6623B3D4690091D43C /* QLSyntaxApp */,
				8C9B6B7E23B3D8F900280078 /* QLSyntaxPlugin */,
				8C9B6B7B23B3D8F900280078 /* Frameworks */,
				8C225A6523B3D4690091D43C /* Products */,
			);
			sourceTree = "<group>";
		};
		8C225A6523B3D4690091D43C /* Products */ = {
			isa = PBXGroup;
			children = (
				8C225A6423B3D4690091D43C /* QLSyntaxApp.app */,
				8C9B6B7A23B3D8F900280078 /* QLSyntaxPlugin.appex */,
			);
			name = Products;
			sourceTree = "<group>";
		};
		8C225A6623B3D4690091D43C /* QLSyntaxApp */ = {
			isa = PBXGroup;
			children = (
				8C225A6723B3D4690091D43C /* AppDelegate.swift */,
				8C225A6923B3D4690091D43C /* ContentView.swift */,
				8C225A6B23B3D46B0091D43C /* Assets.xcassets */,
				8C225A7023B3D46B0091D43C /* Main.storyboard */,
				8C225A7323B3D46B0091D43C /* Info.plist */,
				8C225A7423B3D46B0091D43C /* QLSyntaxApp.entitlements */,
				8C225A6D23B3D46B0091D43C /* Preview Content */,
			);
			path = QLSyntaxApp;
			sourceTree = "<group>";
		};
		8C225A6D23B3D46B0091D43C /* Preview Content */ = {
			isa = PBXGroup;
			children = (
				8C225A6E23B3D46B0091D43C /* Preview Assets.xcassets */,
			);
			path = "Preview Content";
			sourceTree = "<group>";
		};
		8C9B6B7B23B3D8F900280078 /* Frameworks */ = {
			isa = PBXGroup;
			children = (
				8C9B6B8D23B3D91200280078 /* WebKit.framework */,
				8C9B6B7C23B3D8F900280078 /* Quartz.framework */,
			);
			name = Frameworks;
			sourceTree = "<group>";
		};
		8C9B6B7E23B3D8F900280078 /* QLSyntaxPlugin */ = {
			isa = PBXGroup;
			children = (
				8C9B6B7F23B3D8F900280078 /* PreviewViewController.swift */,
				8C9B6B8123B3D8F900280078 /* PreviewViewController.xib */,
				8C9B6B8423B3D8F900280078 /* Info.plist */,
				8C9B6B8523B3D8F900280078 /* QLSyntaxPlugin.entitlements */,
			);
			path = QLSyntaxPlugin;
			sourceTree = "<group>";
		};
/* End PBXGroup section */

/* Begin PBXNativeTarget section */
		8C225A6323B3D4690091D43C /* QLSyntaxApp */ = {
			isa = PBXNativeTarget;
			buildConfigurationList = 8C225A7723B3D46B0091D43C /* Build configuration list for PBXNativeTarget "QLSyntaxApp" */;
			buildPhases = (
				8C225A6023B3D4690091D43C /* Sources */,
				8C225A6123B3D4690091D43C /* Frameworks */,
				8C225A6223B3D4690091D43C /* Resources */,
				8C9B6B8923B3D8F900280078 /* Embed App Extensions */,
			);
			buildRules = (
			);
			dependencies = (
				8C9B6B8723B3D8F900280078 /* PBXTargetDependency */,
			);
			name = QLSyntaxApp;
			productName = QLSyntaxApp;
			productReference = 8C225A6423B3D4690091D43C /* QLSyntaxApp.app */;
			productType = "com.apple.product-type.application";
		};
		8C9B6B7923B3D8F900280078 /* QLSyntaxPlugin */ = {
			isa = PBXNativeTarget;
			buildConfigurationList = 8C9B6B8C23B3D8F900280078 /* Build configuration list for PBXNativeTarget "QLSyntaxPlugin" */;
			buildPhases = (
				8C9B6B7623B3D8F900280078 /* Sources */,
				8C9B6B7723B3D8F900280078 /* Frameworks */,
				8C9B6B7823B3D8F900280078 /* Resources */,
			);
			buildRules = (
			);
			dependencies = (
			);
			name = QLSyntaxPlugin;
			productName = QLSyntaxPlugin;
			productReference = 8C9B6B7A23B3D8F900280078 /* QLSyntaxPlugin.appex */;
			productType = "com.apple.product-type.app-extension";
		};
/* End PBXNativeTarget section */

/* Begin PBXProject section */
		8C225A5C23B3D4690091D43C /* Project object */ = {
			isa = PBXProject;
			attributes = {
				LastSwiftUpdateCheck = 1130;
				LastUpgradeCheck = 1130;
				ORGANIZATIONNAME = "Bastian Rinsche";
				TargetAttributes = {
					8C225A6323B3D4690091D43C = {
						CreatedOnToolsVersion = 11.3;
					};
					8C9B6B7923B3D8F900280078 = {
						CreatedOnToolsVersion = 11.3;
					};
				};
			};
			buildConfigurationList = 8C225A5F23B3D4690091D43C /* Build configuration list for PBXProject "QLSyntaxApp" */;
			compatibilityVersion = "Xcode 9.3";
			developmentRegion = en;
			hasScannedForEncodings = 0;
			knownRegions = (
				en,
				Base,
			);
			mainGroup = 8C225A5B23B3D4690091D43C;
			productRefGroup = 8C225A6523B3D4690091D43C /* Products */;
			projectDirPath = "";
			projectRoot = "";
			targets = (
				8C225A6323B3D4690091D43C /* QLSyntaxApp */,
				8C9B6B7923B3D8F900280078 /* QLSyntaxPlugin */,
			);
		};
/* End PBXProject section */

/* Begin PBXResourcesBuildPhase section */
		8C225A6223B3D4690091D43C /* Resources */ = {
			isa = PBXResourcesBuildPhase;
			buildActionMask = 2147483647;
			files = (
				8C225A7223B3D46B0091D43C /* Main.storyboard in Resources */,
				8C225A6F23B3D46B0091D43C /* Preview Assets.xcassets in Resources */,
				8C225A6C23B3D46B0091D43C /* Assets.xcassets in Resources */,
			);
			runOnlyForDeploymentPostprocessing = 0;
		};
		8C9B6B7823B3D8F900280078 /* Resources */ = {
			isa = PBXResourcesBuildPhase;
			buildActionMask = 2147483647;
			files = (
				8C9B6B8323B3D8F900280078 /* PreviewViewController.xib in Resources */,
			);
			runOnlyForDeploymentPostprocessing = 0;
		};
/* End PBXResourcesBuildPhase section */

/* Begin PBXSourcesBuildPhase section */
		8C225A6023B3D4690091D43C /* Sources */ = {
			isa = PBXSourcesBuildPhase;
			buildActionMask = 2147483647;
			files = (
				8C225A6A23B3D4690091D43C /* ContentView.swift in Sources */,
				8C225A6823B3D4690091D43C /* AppDelegate.swift in Sources */,
			);
			runOnlyForDeploymentPostprocessing = 0;
		};
		8C9B6B7623B3D8F900280078 /* Sources */ = {
			isa = PBXSourcesBuildPhase;
			buildActionMask = 2147483647;
			files = (
				8C9B6B8023B3D8F900280078 /* PreviewViewController.swift in Sources */,
			);
			runOnlyForDeploymentPostprocessing = 0;
		};
/* End PBXSourcesBuildPhase section */

/* Begin PBXTargetDependency section */
		8C9B6B8723B3D8F900280078 /* PBXTargetDependency */ = {
			isa = PBXTargetDependency;
			target = 8C9B6B7923B3D8F900280078 /* QLSyntaxPlugin */;
			targetProxy = 8C9B6B8623B3D8F900280078 /* PBXContainerItemProxy */;
		};
/* End PBXTargetDependency section */

/* Begin PBXVariantGroup section */
		8C225A7023B3D46B0091D43C /* Main.storyboard */ = {
			isa = PBXVariantGroup;
			children = (
				8C225A7123B3D46B0091D43C /* Base */,
			);
			name = Main.storyboard;
			sourceTree = "<group>";
		};
		8C9B6B8123B3D8F900280078 /* PreviewViewController.xib */ = {
			isa = PBXVariantGroup;
			children = (
				8C9B6B8223B3D8F900280078 /* Base */,
			);
			name = PreviewViewController.xib;
			sourceTree = "<group>";
		};
/* End PBXVariantGroup section */

/* Begin XCBuildConfiguration section */
		8C225A7523B3D46B0091D43C /* Debug */ = {
			isa = XCBuildConfiguration;
			buildSettings = {
				ALWAYS_SEARCH_USER_PATHS = NO;
				CLANG_ANALYZER_NONNULL = YES;
				CLANG_ANALYZER_NUMBER_OBJECT_CONVERSION = YES_AGGRESSIVE;
				CLANG_CXX_LANGUAGE_STANDARD = "gnu++14";
				CLANG_CXX_LIBRARY = "libc++";
				CLANG_ENABLE_MODULES = YES;
				CLANG_ENABLE_OBJC_ARC = YES;
				CLANG_ENABLE_OBJC_WEAK = YES;
				CLANG_WARN_BLOCK_CAPTURE_AUTORELEASING = YES;
				CLANG_WARN_BOOL_CONVERSION = YES;
				CLANG_WARN_COMMA = YES;
				CLANG_WARN_CONSTANT_CONVERSION = YES;
				CLANG_WARN_DEPRECATED_OBJC_IMPLEMENTATIONS = YES;
				CLANG_WARN_DIRECT_OBJC_ISA_USAGE = YES_ERROR;
				CLANG_WARN_DOCUMENTATION_COMMENTS = YES;
				CLANG_WARN_EMPTY_BODY = YES;
				CLANG_WARN_ENUM_CONVERSION = YES;
				CLANG_WARN_INFINITE_RECURSION = YES;
				CLANG_WARN_INT_CONVERSION = YES;
				CLANG_WARN_NON_LITERAL_NULL_CONVERSION = YES;
				CLANG_WARN_OBJC_IMPLICIT_RETAIN_SELF = YES;
				CLANG_WARN_OBJC_LITERAL_CONVERSION = YES;
				CLANG_WARN_OBJC_ROOT_CLASS = YES_ERROR;
				CLANG_WARN_RANGE_LOOP_ANALYSIS = YES;
				CLANG_WARN_STRICT_PROTOTYPES = YES;
				CLANG_WARN_SUSPICIOUS_MOVE = YES;
				CLANG_WARN_UNGUARDED_AVAILABILITY = YES_AGGRESSIVE;
				CLANG_WARN_UNREACHABLE_CODE = YES;
				CLANG_WARN__DUPLICATE_METHOD_MATCH = YES;
				COPY_PHASE_STRIP = NO;
				DEBUG_INFORMATION_FORMAT = dwarf;
				ENABLE_STRICT_OBJC_MSGSEND = YES;
				ENABLE_TESTABILITY = YES;
				GCC_C_LANGUAGE_STANDARD = gnu11;
				GCC_DYNAMIC_NO_PIC = NO;
				GCC_NO_COMMON_BLOCKS = YES;
				GCC_OPTIMIZATION_LEVEL = 0;
				GCC_PREPROCESSOR_DEFINITIONS = (
					"DEBUG=1",
					"$(inherited)",
				);
				GCC_WARN_64_TO_32_BIT_CONVERSION = YES;
				GCC_WARN_ABOUT_RETURN_TYPE = YES_ERROR;
				GCC_WARN_UNDECLARED_SELECTOR = YES;
				GCC_WARN_UNINITIALIZED_AUTOS = YES_AGGRESSIVE;
				GCC_WARN_UNUSED_FUNCTION = YES;
				GCC_WARN_UNUSED_VARIABLE = YES;
				MACOSX_DEPLOYMENT_TARGET = 10.15;
				MTL_ENABLE_DEBUG_INFO = INCLUDE_SOURCE;
				MTL_FAST_MATH = YES;
				ONLY_ACTIVE_ARCH = YES;
				SDKROOT = macosx;
				SWIFT_ACTIVE_COMPILATION_CONDITIONS = DEBUG;
				SWIFT_OPTIMIZATION_LEVEL = "-Onone";
			};
			name = Debug;
		};
		8C225A7623B3D46B0091D43C /* Release */ = {
			isa = XCBuildConfiguration;
			buildSettings = {
				ALWAYS_SEARCH_USER_PATHS = NO;
				CLANG_ANALYZER_NONNULL = YES;
				CLANG_ANALYZER_NUMBER_OBJECT_CONVERSION = YES_AGGRESSIVE;
				CLANG_CXX_LANGUAGE_STANDARD = "gnu++14";
				CLANG_CXX_LIBRARY = "libc++";
				CLANG_ENABLE_MODULES = YES;
				CLANG_ENABLE_OBJC_ARC = YES;
				CLANG_ENABLE_OBJC_WEAK = YES;
				CLANG_WARN_BLOCK_CAPTURE_AUTORELEASING = YES;
				CLANG_WARN_BOOL_CONVERSION = YES;
				CLANG_WARN_COMMA = YES;
				CLANG_WARN_CONSTANT_CONVERSION = YES;
				CLANG_WARN_DEPRECATED_OBJC_IMPLEMENTATIONS = YES;
				CLANG_WARN_DIRECT_OBJC_ISA_USAGE = YES_ERROR;
				CLANG_WARN_DOCUMENTATION_COMMENTS = YES;
				CLANG_WARN_EMPTY_BODY = YES;
				CLANG_WARN_ENUM_CONVERSION = YES;
				CLANG_WARN_INFINITE_RECURSION = YES;
				CLANG_WARN_INT_CONVERSION = YES;
				CLANG_WARN_NON_LITERAL_NULL_CONVERSION = YES;
				CLANG_WARN_OBJC_IMPLICIT_RETAIN_SELF = YES;
				CLANG_WARN_OBJC_LITERAL_CONVERSION = YES;
				CLANG_WARN_OBJC_ROOT_CLASS = YES_ERROR;
				CLANG_WARN_RANGE_LOOP_ANALYSIS = YES;
				CLANG_WARN_STRICT_PROTOTYPES = YES;
				CLANG_WARN_SUSPICIOUS_MOVE = YES;
				CLANG_WARN_UNGUARDED_AVAILABILITY = YES_AGGRESSIVE;
				CLANG_WARN_UNREACHABLE_CODE = YES;
				CLANG_WARN__DUPLICATE_METHOD_MATCH = YES;
				COPY_PHASE_STRIP = NO;
				DEBUG_INFORMATION_FORMAT = "dwarf-with-dsym";
				ENABLE_NS_ASSERTIONS = NO;
				ENABLE_STRICT_OBJC_MSGSEND = YES;
				GCC_C_LANGUAGE_STANDARD = gnu11;
				GCC_NO_COMMON_BLOCKS = YES;
				GCC_WARN_64_TO_32_BIT_CONVERSION = YES;
				GCC_WARN_ABOUT_RETURN_TYPE = YES_ERROR;
				GCC_WARN_UNDECLARED_SELECTOR = YES;
				GCC_WARN_UNINITIALIZED_AUTOS = YES_AGGRESSIVE;
				GCC_WARN_UNUSED_FUNCTION = YES;
				GCC_WARN_UNUSED_VARIABLE = YES;
				MACOSX_DEPLOYMENT_TARGET = 10.15;
				MTL_ENABLE_DEBUG_INFO = NO;
				MTL_FAST_MATH = YES;
				SDKROOT = macosx;
				SWIFT_COMPILATION_MODE = wholemodule;
				SWIFT_OPTIMIZATION_LEVEL = "-O";
			};
			name = Release;
		};
		8C225A7823B3D46B0091D43C /* Debug */ = {
			isa = XCBuildConfiguration;
			buildSettings = {
				ALWAYS_EMBED_SWIFT_STANDARD_LIBRARIES = YES;
				ASSETCATALOG_COMPILER_APPICON_NAME = AppIcon;
				CODE_SIGN_ENTITLEMENTS = QLSyntaxApp/QLSyntaxApp.entitlements;
				CODE_SIGN_STYLE = Automatic;
				COMBINE_HIDPI_IMAGES = YES;
				DEVELOPMENT_ASSET_PATHS = "\"QLSyntaxApp/Preview Content\"";
				DEVELOPMENT_TEAM = 77D3N2852M;
				ENABLE_HARDENED_RUNTIME = YES;
				ENABLE_PREVIEWS = YES;
				INFOPLIST_FILE = QLSyntaxApp/Info.plist;
				LD_RUNPATH_SEARCH_PATHS = (
					"$(inherited)",
					"@executable_path/../Frameworks",
				);
				MACOSX_DEPLOYMENT_TARGET = 10.15;
				PRODUCT_BUNDLE_IDENTIFIER = de.bastianrinsche.QLSyntaxApp;
				PRODUCT_NAME = "$(TARGET_NAME)";
				SWIFT_VERSION = 5.0;
			};
			name = Debug;
		};
		8C225A7923B3D46B0091D43C /* Release */ = {
			isa = XCBuildConfiguration;
			buildSettings = {
				ALWAYS_EMBED_SWIFT_STANDARD_LIBRARIES = YES;
				ASSETCATALOG_COMPILER_APPICON_NAME = AppIcon;
				CODE_SIGN_ENTITLEMENTS = QLSyntaxApp/QLSyntaxApp.entitlements;
				CODE_SIGN_STYLE = Automatic;
				COMBINE_HIDPI_IMAGES = YES;
				DEVELOPMENT_ASSET_PATHS = "\"QLSyntaxApp/Preview Content\"";
				DEVELOPMENT_TEAM = 77D3N2852M;
				ENABLE_HARDENED_RUNTIME = YES;
				ENABLE_PREVIEWS = YES;
				INFOPLIST_FILE = QLSyntaxApp/Info.plist;
				LD_RUNPATH_SEARCH_PATHS = (
					"$(inherited)",
					"@executable_path/../Frameworks",
				);
				MACOSX_DEPLOYMENT_TARGET = 10.15;
				PRODUCT_BUNDLE_IDENTIFIER = de.bastianrinsche.QLSyntaxApp;
				PRODUCT_NAME = "$(TARGET_NAME)";
				SWIFT_VERSION = 5.0;
			};
			name = Release;
		};
		8C9B6B8A23B3D8F900280078 /* Debug */ = {
			isa = XCBuildConfiguration;
			buildSettings = {
				CODE_SIGN_ENTITLEMENTS = QLSyntaxPlugin/QLSyntaxPlugin.entitlements;
				CODE_SIGN_STYLE = Automatic;
				DEVELOPMENT_TEAM = 77D3N2852M;
				ENABLE_HARDENED_RUNTIME = YES;
				INFOPLIST_FILE = QLSyntaxPlugin/Info.plist;
				LD_RUNPATH_SEARCH_PATHS = (
					"$(inherited)",
					"@executable_path/../Frameworks",
					"@executable_path/../../../../Frameworks",
				);
				PRODUCT_BUNDLE_IDENTIFIER = de.bastianrinsche.QLSyntaxApp.QLSyntaxPlugin;
				PRODUCT_NAME = "$(TARGET_NAME)";
				SKIP_INSTALL = YES;
				SWIFT_VERSION = 5.0;
			};
			name = Debug;
		};
		8C9B6B8B23B3D8F900280078 /* Release */ = {
			isa = XCBuildConfiguration;
			buildSettings = {
				CODE_SIGN_ENTITLEMENTS = QLSyntaxPlugin/QLSyntaxPlugin.entitlements;
				CODE_SIGN_STYLE = Automatic;
				DEVELOPMENT_TEAM = 77D3N2852M;
				ENABLE_HARDENED_RUNTIME = YES;
				INFOPLIST_FILE = QLSyntaxPlugin/Info.plist;
				LD_RUNPATH_SEARCH_PATHS = (
					"$(inherited)",
					"@executable_path/../Frameworks",
					"@executable_path/../../../../Frameworks",
				);
				PRODUCT_BUNDLE_IDENTIFIER = de.bastianrinsche.QLSyntaxApp.QLSyntaxPlugin;
				PRODUCT_NAME = "$(TARGET_NAME)";
				SKIP_INSTALL = YES;
				SWIFT_VERSION = 5.0;
			};
			name = Release;
		};
/* End XCBuildConfiguration section */

/* Begin XCConfigurationList section */
		8C225A5F23B3D4690091D43C /* Build configuration list for PBXProject "QLSyntaxApp" */ = {
			isa = XCConfigurationList;
			buildConfigurations = (
				8C225A7523B3D46B0091D43C /* Debug */,
				8C225A7623B3D46B0091D43C /* Release */,
			);
			defaultConfigurationIsVisible = 0;
			defaultConfigurationName = Release;
		};
		8C225A7723B3D46B0091D43C /* Build configuration list for PBXNativeTarget "QLSyntaxApp" */ = {
			isa = XCConfigurationList;
			buildConfigurations = (
				8C225A7823B3D46B0091D43C /* Debug */,
				8C225A7923B3D46B0091D43C /* Release */,
			);
			defaultConfigurationIsVisible = 0;
			defaultConfigurationName = Release;
		};
		8C9B6B8C23B3D8F900280078 /* Build configuration list for PBXNativeTarget "QLSyntaxPlugin" */ = {
			isa = XCConfigurationList;
			buildConfigurations = (
				8C9B6B8A23B3D8F900280078 /* Debug */,
				8C9B6B8B23B3D8F900280078 /* Release */,
			);
			defaultConfigurationIsVisible = 0;
			defaultConfigurationName = Release;
		};
/* End XCConfigurationList section */
	};
	rootObject = 8C225A5C23B3D4690091D43C /* Project object */;
}
